
Microsoft Visual Studio Solution File, Format Version 12.00
# Visual Studio Version 17
VisualStudioVersion = 17.3.32825.248
MinimumVisualStudioVersion = 10.0.40219.1
Project("{FAE04EC0-301F-11D3-BF4B-00C04F79EFBC}") = "LibraryService", "LibraryService\LibraryService.csproj", "{945671C6-DBCB-4623-BD02-4F63939FE407}"
EndProject
Project("{FAE04EC0-301F-11D3-BF4B-00C04F79EFBC}") = "LibraryServide.Web", "LibraryServide.Web\LibraryServide.Web.csproj", "{0F6670A8-B503-45D2-85B7-B018D3316CBC}"
EndProject
Global
	GlobalSection(SolutionConfigurationPlatforms) = preSolution
		Debug|Any CPU = Debug|Any CPU
		Release|Any CPU = Release|Any CPU
	EndGlobalSection
	GlobalSection(ProjectConfigurationPlatforms) = postSolution
		{945671C6-DBCB-4623-BD02-4F63939FE407}.Debug|Any CPU.ActiveCfg = Debug|Any CPU
		{945671C6-DBCB-4623-BD02-4F63939FE407}.Debug|Any CPU.Build.0 = Debug|Any CPU
		{945671C6-DBCB-4623-BD02-4F63939FE407}.Release|Any CPU.ActiveCfg = Release|Any CPU
		{945671C6-DBCB-4623-BD02-4F63939FE407}.Release|Any CPU.Build.0 = Release|Any CPU
		{0F6670A8-B503-45D2-85B7-B018D3316CBC}.Debug|Any CPU.ActiveCfg = Debug|Any CPU
		{0F6670A8-B503-45D2-85B7-B018D3316CBC}.Debug|Any CPU.Build.0 = Debug|Any CPU
		{0F6670A8-B503-45D2-85B7-B018D3316CBC}.Release|Any CPU.ActiveCfg = Release|Any CPU
		{0F6670A8-B503-45D2-85B7-B018D3316CBC}.Release|Any CPU.Build.0 = Release|Any CPU
	EndGlobalSection
	GlobalSection(SolutionProperties) = preSolution
		HideSolutionNode = FALSE
	EndGlobalSection
	GlobalSection(ExtensibilityGlobals) = postSolution
		SolutionGuid = {7AA96D29-1F5C-4016-8FF5-454F66CBFD73}
	EndGlobalSection
EndGlobal
